PODS:
  - Alamofire (1.2.0)
  - Cartography (0.5.0)
  - SwiftyJSON (2.2.0)

DEPENDENCIES:
  - Alamofire (= 1.2.0)
  - Cartography (= 0.5.0)
  - SwiftyJSON (= 2.2.0)

SPEC CHECKSUMS:
  Alamofire: d765c5c1713aa64106b0228aaa600a1e6851f68d
  Cartography: 774e5cc446f5a6bca5d4345c5aa6af9a1fe74dc6
  SwiftyJSON: 0b3e6c07af17ff745e77e8e9984097b55c956e5c

COCOAPODS: 0.36.0.beta.2
